
Microsoft Visual Studio Solution File, Format Version 12.00
# Visual Studio 14
VisualStudioVersion = 14.0.23107.0
MinimumVisualStudioVersion = 10.0.40219.1
Project("{888888A0-9F3D-457C-B088-3A5042F75D52}") = "Jenkins_API_PY", "Jenkins_API_PY\Jenkins_API_PY.pyproj", "{33A459B7-D2EC-42C6-A799-9874D82B7EFF}"
EndProject
Project("{888888A0-9F3D-457C-B088-3A5042F75D52}") = "Component_Radiator", "..\Component_Radiator\Component_Radiator.pyproj", "{E98878A8-41B7-4ED1-9C48-259DDD6F3129}"
EndProject
Project("{888888A0-9F3D-457C-B088-3A5042F75D52}") = "Serial_Port", "..\Serial_Port\Serial_Port.pyproj", "{73980688-0C45-4CB0-ADA4-BC5B93EC584A}"
EndProject
Global
	GlobalSection(SolutionConfigurationPlatforms) = preSolution
		Debug|Any CPU = Debug|Any CPU
		Release|Any CPU = Release|Any CPU
	EndGlobalSection
	GlobalSection(ProjectConfigurationPlatforms) = postSolution
		{33A459B7-D2EC-42C6-A799-9874D82B7EFF}.Debug|Any CPU.ActiveCfg = Debug|Any CPU
		{33A459B7-D2EC-42C6-A799-9874D82B7EFF}.Release|Any CPU.ActiveCfg = Release|Any CPU
		{E98878A8-41B7-4ED1-9C48-259DDD6F3129}.Debug|Any CPU.ActiveCfg = Debug|Any CPU
		{E98878A8-41B7-4ED1-9C48-259DDD6F3129}.Release|Any CPU.ActiveCfg = Release|Any CPU
		{73980688-0C45-4CB0-ADA4-BC5B93EC584A}.Debug|Any CPU.ActiveCfg = Debug|Any CPU
		{73980688-0C45-4CB0-ADA4-BC5B93EC584A}.Release|Any CPU.ActiveCfg = Release|Any CPU
	EndGlobalSection
	GlobalSection(SolutionProperties) = preSolution
		HideSolutionNode = FALSE
	EndGlobalSection
EndGlobal
