
Microsoft Visual Studio Solution File, Format Version 12.00
# Visual Studio 14
VisualStudioVersion = 14.0.23107.0
MinimumVisualStudioVersion = 10.0.40219.1
Project("{888888A0-9F3D-457C-B088-3A5042F75D52}") = "Jenkins_API_PY", "Jenkins_API_PY\Jenkins_API_PY.pyproj", "{33A459B7-D2EC-42C6-A799-9874D82B7EFF}"
EndProject
Global
	GlobalSection(SolutionConfigurationPlatforms) = preSolution
		Debug|Any CPU = Debug|Any CPU
		Release|Any CPU = Release|Any CPU
	EndGlobalSection
	GlobalSection(ProjectConfigurationPlatforms) = postSolution
		{33A459B7-D2EC-42C6-A799-9874D82B7EFF}.Debug|Any CPU.ActiveCfg = Debug|Any CPU
		{33A459B7-D2EC-42C6-A799-9874D82B7EFF}.Release|Any CPU.ActiveCfg = Release|Any CPU
	EndGlobalSection
	GlobalSection(SolutionProperties) = preSolution
		HideSolutionNode = FALSE
	EndGlobalSection
EndGlobal
